// !$*UTF8*$!
{
	archiveVersion = 1;
	classes = {
	};
	objectVersion = 50;
	objects = {

/* Begin PBXBuildFile section */
		BDAEC27B2408436C00A25CCD /* AppDelegate.m in Sources */ = {isa = PBXBuildFile; fileRef = BDAEC27A2408436C00A25CCD /* AppDelegate.m */; };
		BDAEC27E2408436C00A25CCD /* SceneDelegate.m in Sources */ = {isa = PBXBuildFile; fileRef = BDAEC27D2408436C00A25CCD /* SceneDelegate.m */; };
		BDAEC2812408436C00A25CCD /* ViewController.m in Sources */ = {isa = PBXBuildFile; fileRef = BDAEC2802408436C00A25CCD /* ViewController.m */; };
		BDAEC2842408436C00A25CCD /* Main.storyboard in Resources */ = {isa = PBXBuildFile; fileRef = BDAEC2822408436C00A25CCD /* Main.storyboard */; };
		BDAEC2862408436E00A25CCD /* Assets.xcassets in Resources */ = {isa = PBXBuildFile; fileRef = BDAEC2852408436E00A25CCD /* Assets.xcassets */; };
		BDAEC2892408436E00A25CCD /* LaunchScreen.storyboard in Resources */ = {isa = PBXBuildFile; fileRef = BDAEC2872408436E00A25CCD /* LaunchScreen.storyboard */; };
		BDAEC28C2408436E00A25CCD /* main.m in Sources */ = {isa = PBXBuildFile; fileRef = BDAEC28B2408436E00A25CCD /* main.m */; };
/* End PBXBuildFile section */

/* Begin PBXFileReference section */
		BDAEC2762408436C00A25CCD /* XKCD Comic.app */ = {isa = PBXFileReference; explicitFileType = wrapper.application; includeInIndex = 0; path = "XKCD Comic.app"; sourceTree = BUILT_PRODUCTS_DIR; };
		BDAEC2792408436C00A25CCD /* AppDelegate.h */ = {isa = PBXFileReference; lastKnownFileType = sourcecode.c.h; path = AppDelegate.h; sourceTree = "<group>"; };
		BDAEC27A2408436C00A25CCD /* AppDelegate.m */ = {isa = PBXFileReference; lastKnownFileType = sourcecode.c.objc; path = AppDelegate.m; sourceTree = "<group>"; };
		BDAEC27C2408436C00A25CCD /* SceneDelegate.h */ = {isa = PBXFileReference; lastKnownFileType = sourcecode.c.h; path = SceneDelegate.h; sourceTree = "<group>"; };
		BDAEC27D2408436C00A25CCD /* SceneDelegate.m */ = {isa = PBXFileReference; lastKnownFileType = sourcecode.c.objc; path = SceneDelegate.m; sourceTree = "<group>"; };
		BDAEC27F2408436C00A25CCD /* ViewController.h */ = {isa = PBXFileReference; lastKnownFileType = sourcecode.c.h; path = ViewController.h; sourceTree = "<group>"; };
		BDAEC2802408436C00A25CCD /* ViewController.m */ = {isa = PBXFileReference; lastKnownFileType = sourcecode.c.objc; path = ViewController.m; sourceTree = "<group>"; };
		BDAEC2832408436C00A25CCD /* Base */ = {isa = PBXFileReference; lastKnownFileType = file.storyboard; name = Base; path = Base.lproj/Main.storyboard; sourceTree = "<group>"; };
		BDAEC2852408436E00A25CCD /* Assets.xcassets */ = {isa = PBXFileReference; lastKnownFileType = folder.assetcatalog; path = Assets.xcassets; sourceTree = "<group>"; };
		BDAEC2882408436E00A25CCD /* Base */ = {isa = PBXFileReference; lastKnownFileType = file.storyboard; name = Base; path = Base.lproj/LaunchScreen.storyboard; sourceTree = "<group>"; };
		BDAEC28A2408436E00A25CCD /* Info.plist */ = {isa = PBXFileReference; lastKnownFileType = text.plist.xml; path = Info.plist; sourceTree = "<group>"; };
		BDAEC28B2408436E00A25CCD /* main.m */ = {isa = PBXFileReference; lastKnownFileType = sourcecode.c.objc; path = main.m; sourceTree = "<group>"; };
/* End PBXFileReference section */

/* Begin PBXFrameworksBuildPhase section */
		BDAEC2732408436C00A25CCD /* Frameworks */ = {
			isa = PBXFrameworksBuildPhase;
			buildActionMask = 2147483647;
			files = (
			);
			runOnlyForDeploymentPostprocessing = 0;
		};
/* End PBXFrameworksBuildPhase section */

/* Begin PBXGroup section */
		BDAEC26D2408436C00A25CCD = {
			isa = PBXGroup;
			children = (
				BDAEC2782408436C00A25CCD /* XKCD Comic */,
				BDAEC2772408436C00A25CCD /* Products */,
			);
			sourceTree = "<group>";
		};
		BDAEC2772408436C00A25CCD /* Products */ = {
			isa = PBXGroup;
			children = (
				BDAEC2762408436C00A25CCD /* XKCD Comic.app */,
			);
			name = Products;
			sourceTree = "<group>";
		};
		BDAEC2782408436C00A25CCD /* XKCD Comic */ = {
			isa = PBXGroup;
			children = (
				BDAEC2792408436C00A25CCD /* AppDelegate.h */,
				BDAEC27A2408436C00A25CCD /* AppDelegate.m */,
				BDAEC27C2408436C00A25CCD /* SceneDelegate.h */,
				BDAEC27D2408436C00A25CCD /* SceneDelegate.m */,
				BDAEC27F2408436C00A25CCD /* ViewController.h */,
				BDAEC2802408436C00A25CCD /* ViewController.m */,
				BDAEC2822408436C00A25CCD /* Main.storyboard */,
				BDAEC2852408436E00A25CCD /* Assets.xcassets */,
				BDAEC2872408436E00A25CCD /* LaunchScreen.storyboard */,
				BDAEC28A2408436E00A25CCD /* Info.plist */,
				BDAEC28B2408436E00A25CCD /* main.m */,
			);
			path = "XKCD Comic";
			sourceTree = "<group>";
		};
/* End PBXGroup section */

/* Begin PBXNativeTarget section */
		BDAEC2752408436C00A25CCD /* XKCD Comic */ = {
			isa = PBXNativeTarget;
			buildConfigurationList = BDAEC28F2408436E00A25CCD /* Build configuration list for PBXNativeTarget "XKCD Comic" */;
			buildPhases = (
				BDAEC2722408436C00A25CCD /* Sources */,
				BDAEC2732408436C00A25CCD /* Frameworks */,
				BDAEC2742408436C00A25CCD /* Resources */,
			);
			buildRules = (
			);
			dependencies = (
			);
			name = "XKCD Comic";
			productName = "XKCD Comic";
			productReference = BDAEC2762408436C00A25CCD /* XKCD Comic.app */;
			productType = "com.apple.product-type.application";
		};
/* End PBXNativeTarget section */

/* Begin PBXProject section */
		BDAEC26E2408436C00A25CCD /* Project object */ = {
			isa = PBXProject;
			attributes = {
				LastUpgradeCheck = 1130;
				ORGANIZATIONNAME = "Lambda, Inc";
				TargetAttributes = {
					BDAEC2752408436C00A25CCD = {
						CreatedOnToolsVersion = 11.3.1;
					};
				};
			};
			buildConfigurationList = BDAEC2712408436C00A25CCD /* Build configuration list for PBXProject "XKCD Comic" */;
			compatibilityVersion = "Xcode 9.3";
			developmentRegion = en;
			hasScannedForEncodings = 0;
			knownRegions = (
				en,
				Base,
			);
			mainGroup = BDAEC26D2408436C00A25CCD;
			productRefGroup = BDAEC2772408436C00A25CCD /* Products */;
			projectDirPath = "";
			projectRoot = "";
			targets = (
				BDAEC2752408436C00A25CCD /* XKCD Comic */,
			);
		};
/* End PBXProject section */

/* Begin PBXResourcesBuildPhase section */
		BDAEC2742408436C00A25CCD /* Resources */ = {
			isa = PBXResourcesBuildPhase;
			buildActionMask = 2147483647;
			files = (
				BDAEC2892408436E00A25CCD /* LaunchScreen.storyboard in Resources */,
				BDAEC2862408436E00A25CCD /* Assets.xcassets in Resources */,
				BDAEC2842408436C00A25CCD /* Main.storyboard in Resources */,
			);
			runOnlyForDeploymentPostprocessing = 0;
		};
/* End PBXResourcesBuildPhase section */

/* Begin PBXSourcesBuildPhase section */
		BDAEC2722408436C00A25CCD /* Sources */ = {
			isa = PBXSourcesBuildPhase;
			buildActionMask = 2147483647;
			files = (
				BDAEC2812408436C00A25CCD /* ViewController.m in Sources */,
				BDAEC27B2408436C00A25CCD /* AppDelegate.m in Sources */,
				BDAEC28C2408436E00A25CCD /* main.m in Sources */,
				BDAEC27E2408436C00A25CCD /* SceneDelegate.m in Sources */,
			);
			runOnlyForDeploymentPostprocessing = 0;
		};
/* End PBXSourcesBuildPhase section */

/* Begin PBXVariantGroup section */
		BDAEC2822408436C00A25CCD /* Main.storyboard */ = {
			isa = PBXVariantGroup;
			children = (
				BDAEC2832408436C00A25CCD /* Base */,
			);
			name = Main.storyboard;
			sourceTree = "<group>";
		};
		BDAEC2872408436E00A25CCD /* LaunchScreen.storyboard */ = {
			isa = PBXVariantGroup;
			children = (
				BDAEC2882408436E00A25CCD /* Base */,
			);
			name = LaunchScreen.storyboard;
			sourceTree = "<group>";
		};
/* End PBXVariantGroup section */

/* Begin XCBuildConfiguration section */
		BDAEC28D2408436E00A25CCD /* Debug */ = {
			isa = XCBuildConfiguration;
			buildSettings = {
				ALWAYS_SEARCH_USER_PATHS = NO;
				CLANG_ANALYZER_NONNULL = YES;
				CLANG_ANALYZER_NUMBER_OBJECT_CONVERSION = YES_AGGRESSIVE;
				CLANG_CXX_LANGUAGE_STANDARD = "gnu++14";
				CLANG_CXX_LIBRARY = "libc++";
				CLANG_ENABLE_MODULES = YES;
				CLANG_ENABLE_OBJC_ARC = YES;
				CLANG_ENABLE_OBJC_WEAK = YES;
				CLANG_WARN_BLOCK_CAPTURE_AUTORELEASING = YES;
				CLANG_WARN_BOOL_CONVERSION = YES;
				CLANG_WARN_COMMA = YES;
				CLANG_WARN_CONSTANT_CONVERSION = YES;
				CLANG_WARN_DEPRECATED_OBJC_IMPLEMENTATIONS = YES;
				CLANG_WARN_DIRECT_OBJC_ISA_USAGE = YES_ERROR;
				CLANG_WARN_DOCUMENTATION_COMMENTS = YES;
				CLANG_WARN_EMPTY_BODY = YES;
				CLANG_WARN_ENUM_CONVERSION = YES;
				CLANG_WARN_INFINITE_RECURSION = YES;
				CLANG_WARN_INT_CONVERSION = YES;
				CLANG_WARN_NON_LITERAL_NULL_CONVERSION = YES;
				CLANG_WARN_OBJC_IMPLICIT_RETAIN_SELF = YES;
				CLANG_WARN_OBJC_LITERAL_CONVERSION = YES;
				CLANG_WARN_OBJC_ROOT_CLASS = YES_ERROR;
				CLANG_WARN_RANGE_LOOP_ANALYSIS = YES;
				CLANG_WARN_STRICT_PROTOTYPES = YES;
				CLANG_WARN_SUSPICIOUS_MOVE = YES;
				CLANG_WARN_UNGUARDED_AVAILABILITY = YES_AGGRESSIVE;
				CLANG_WARN_UNREACHABLE_CODE = YES;
				CLANG_WARN__DUPLICATE_METHOD_MATCH = YES;
				COPY_PHASE_STRIP = NO;
				DEBUG_INFORMATION_FORMAT = dwarf;
				ENABLE_STRICT_OBJC_MSGSEND = YES;
				ENABLE_TESTABILITY = YES;
				GCC_C_LANGUAGE_STANDARD = gnu11;
				GCC_DYNAMIC_NO_PIC = NO;
				GCC_NO_COMMON_BLOCKS = YES;
				GCC_OPTIMIZATION_LEVEL = 0;
				GCC_PREPROCESSOR_DEFINITIONS = (
					"DEBUG=1",
					"$(inherited)",
				);
				GCC_WARN_64_TO_32_BIT_CONVERSION = YES;
				GCC_WARN_ABOUT_RETURN_TYPE = YES_ERROR;
				GCC_WARN_UNDECLARED_SELECTOR = YES;
				GCC_WARN_UNINITIALIZED_AUTOS = YES_AGGRESSIVE;
				GCC_WARN_UNUSED_FUNCTION = YES;
				GCC_WARN_UNUSED_VARIABLE = YES;
				IPHONEOS_DEPLOYMENT_TARGET = 13.2;
				MTL_ENABLE_DEBUG_INFO = INCLUDE_SOURCE;
				MTL_FAST_MATH = YES;
				ONLY_ACTIVE_ARCH = YES;
				SDKROOT = iphoneos;
			};
			name = Debug;
		};
		BDAEC28E2408436E00A25CCD /* Release */ = {
			isa = XCBuildConfiguration;
			buildSettings = {
				ALWAYS_SEARCH_USER_PATHS = NO;
				CLANG_ANALYZER_NONNULL = YES;
				CLANG_ANALYZER_NUMBER_OBJECT_CONVERSION = YES_AGGRESSIVE;
				CLANG_CXX_LANGUAGE_STANDARD = "gnu++14";
				CLANG_CXX_LIBRARY = "libc++";
				CLANG_ENABLE_MODULES = YES;
				CLANG_ENABLE_OBJC_ARC = YES;
				CLANG_ENABLE_OBJC_WEAK = YES;
				CLANG_WARN_BLOCK_CAPTURE_AUTORELEASING = YES;
				CLANG_WARN_BOOL_CONVERSION = YES;
				CLANG_WARN_COMMA = YES;
				CLANG_WARN_CONSTANT_CONVERSION = YES;
				CLANG_WARN_DEPRECATED_OBJC_IMPLEMENTATIONS = YES;
				CLANG_WARN_DIRECT_OBJC_ISA_USAGE = YES_ERROR;
				CLANG_WARN_DOCUMENTATION_COMMENTS = YES;
				CLANG_WARN_EMPTY_BODY = YES;
				CLANG_WARN_ENUM_CONVERSION = YES;
				CLANG_WARN_INFINITE_RECURSION = YES;
				CLANG_WARN_INT_CONVERSION = YES;
				CLANG_WARN_NON_LITERAL_NULL_CONVERSION = YES;
				CLANG_WARN_OBJC_IMPLICIT_RETAIN_SELF = YES;
				CLANG_WARN_OBJC_LITERAL_CONVERSION = YES;
				CLANG_WARN_OBJC_ROOT_CLASS = YES_ERROR;
				CLANG_WARN_RANGE_LOOP_ANALYSIS = YES;
				CLANG_WARN_STRICT_PROTOTYPES = YES;
				CLANG_WARN_SUSPICIOUS_MOVE = YES;
				CLANG_WARN_UNGUARDED_AVAILABILITY = YES_AGGRESSIVE;
				CLANG_WARN_UNREACHABLE_CODE = YES;
				CLANG_WARN__DUPLICATE_METHOD_MATCH = YES;
				COPY_PHASE_STRIP = NO;
				DEBUG_INFORMATION_FORMAT = "dwarf-with-dsym";
				ENABLE_NS_ASSERTIONS = NO;
				ENABLE_STRICT_OBJC_MSGSEND = YES;
				GCC_C_LANGUAGE_STANDARD = gnu11;
				GCC_NO_COMMON_BLOCKS = YES;
				GCC_WARN_64_TO_32_BIT_CONVERSION = YES;
				GCC_WARN_ABOUT_RETURN_TYPE = YES_ERROR;
				GCC_WARN_UNDECLARED_SELECTOR = YES;
				GCC_WARN_UNINITIALIZED_AUTOS = YES_AGGRESSIVE;
				GCC_WARN_UNUSED_FUNCTION = YES;
				GCC_WARN_UNUSED_VARIABLE = YES;
				IPHONEOS_DEPLOYMENT_TARGET = 13.2;
				MTL_ENABLE_DEBUG_INFO = NO;
				MTL_FAST_MATH = YES;
				SDKROOT = iphoneos;
				VALIDATE_PRODUCT = YES;
			};
			name = Release;
		};
		BDAEC2902408436E00A25CCD /* Debug */ = {
			isa = XCBuildConfiguration;
			buildSettings = {
				ASSETCATALOG_COMPILER_APPICON_NAME = AppIcon;
				CODE_SIGN_STYLE = Automatic;
				DEVELOPMENT_TEAM = VXUQXR6S56;
				INFOPLIST_FILE = "XKCD Comic/Info.plist";
				LD_RUNPATH_SEARCH_PATHS = (
					"$(inherited)",
					"@executable_path/Frameworks",
				);
				PRODUCT_BUNDLE_IDENTIFIER = "com.lambdaschool.XKCD-Comic";
				PRODUCT_NAME = "$(TARGET_NAME)";
				TARGETED_DEVICE_FAMILY = "1,2";
			};
			name = Debug;
		};
		BDAEC2912408436E00A25CCD /* Release */ = {
			isa = XCBuildConfiguration;
			buildSettings = {
				ASSETCATALOG_COMPILER_APPICON_NAME = AppIcon;
				CODE_SIGN_STYLE = Automatic;
				DEVELOPMENT_TEAM = VXUQXR6S56;
				INFOPLIST_FILE = "XKCD Comic/Info.plist";
				LD_RUNPATH_SEARCH_PATHS = (
					"$(inherited)",
					"@executable_path/Frameworks",
				);
				PRODUCT_BUNDLE_IDENTIFIER = "com.lambdaschool.XKCD-Comic";
				PRODUCT_NAME = "$(TARGET_NAME)";
				TARGETED_DEVICE_FAMILY = "1,2";
			};
			name = Release;
		};
/* End XCBuildConfiguration section */

/* Begin XCConfigurationList section */
		BDAEC2712408436C00A25CCD /* Build configuration list for PBXProject "XKCD Comic" */ = {
			isa = XCConfigurationList;
			buildConfigurations = (
				BDAEC28D2408436E00A25CCD /* Debug */,
				BDAEC28E2408436E00A25CCD /* Release */,
			);
			defaultConfigurationIsVisible = 0;
			defaultConfigurationName = Release;
		};
		BDAEC28F2408436E00A25CCD /* Build configuration list for PBXNativeTarget "XKCD Comic" */ = {
			isa = XCConfigurationList;
			buildConfigurations = (
				BDAEC2902408436E00A25CCD /* Debug */,
				BDAEC2912408436E00A25CCD /* Release */,
			);
			defaultConfigurationIsVisible = 0;
			defaultConfigurationName = Release;
		};
/* End XCConfigurationList section */
	};
	rootObject = BDAEC26E2408436C00A25CCD /* Project object */;
}
